
Microsoft Visual Studio Solution File, Format Version 12.00
# Visual Studio 15
VisualStudioVersion = 15.0.28307.168
MinimumVisualStudioVersion = 10.0.40219.1
Project("{888888A0-9F3D-457C-B088-3A5042F75D52}") = "Bot", "Bot\Bot.pyproj", "{737C0D54-40B9-4FE1-A7D1-A2368B13FF38}"
EndProject
Global
	GlobalSection(SolutionConfigurationPlatforms) = preSolution
		Debug|Any CPU = Debug|Any CPU
		Release|Any CPU = Release|Any CPU
	EndGlobalSection
	GlobalSection(ProjectConfigurationPlatforms) = postSolution
		{737C0D54-40B9-4FE1-A7D1-A2368B13FF38}.Debug|Any CPU.ActiveCfg = Debug|Any CPU
		{737C0D54-40B9-4FE1-A7D1-A2368B13FF38}.Release|Any CPU.ActiveCfg = Release|Any CPU
	EndGlobalSection
	GlobalSection(SolutionProperties) = preSolution
		HideSolutionNode = FALSE
	EndGlobalSection
	GlobalSection(ExtensibilityGlobals) = postSolution
		SolutionGuid = {6493C386-2EC4-4141-9E4E-180FDE30BAC2}
	EndGlobalSection
EndGlobal
